{
  "pins" : [
    {
      "identity" : "alignmentcollectionview",
      "kind" : "remoteSourceControl",
      "location" : "https://github.com/Kolosowski/AlignmentCollectionView",
      "state" : {
        "branch" : "master",
        "revision" : "d04a4d8aedb8ed8afa30a99260bf75b179576069"
      }
    }
  ],
  "version" : 2
}
