{
  "pins" : [
    {
      "identity" : "alignmentcollectionview",
      "kind" : "remoteSourceControl",
      "location" : "https://github.com/Kolosowski/AlignmentCollectionView",
      "state" : {
        "branch" : "master",
        "revision" : "acec4afb003c49fb0197d6f6d1a0ccbfcdd7cb86"
      }
    }
  ],
  "version" : 2
}
