{
  "pins" : [
    {
      "identity" : "alignmentcollectionview",
      "kind" : "remoteSourceControl",
      "location" : "https://github.com/Kolosowski/AlignmentCollectionView",
      "state" : {
        "branch" : "master",
        "revision" : "070331aca2d13aadec1c035315b4e20544611626"
      }
    }
  ],
  "version" : 2
}
