{
  "pins" : [
    {
      "identity" : "uicenteredcollectionview",
      "kind" : "remoteSourceControl",
      "location" : "https://github.com/Kolosowski/UICenteredCollectionView",
      "state" : {
        "branch" : "master",
        "revision" : "e721a6a18a554473221ba3b107f21ecf588dee57"
      }
    }
  ],
  "version" : 2
}
