{
  "pins" : [
    {
      "identity" : "uicenteredcollectionview",
      "kind" : "remoteSourceControl",
      "location" : "https://github.com/Kolosowski/UICenteredCollectionView",
      "state" : {
        "branch" : "master",
        "revision" : "d3b36cd5a3c85b63887211e6fb88d6f362b49eeb"
      }
    }
  ],
  "version" : 2
}
